
Microsoft Visual Studio Solution File, Format Version 12.00
# Visual Studio 15
VisualStudioVersion = 15.0.28307.421
MinimumVisualStudioVersion = 10.0.40219.1
Project("{FAE04EC0-301F-11D3-BF4B-00C04F79EFBC}") = "GPR5100_S2", "GPR5100_S2\GPR5100_S2.csproj", "{B9A68375-D053-4964-A6C8-65C5A8911A60}"
EndProject
Global
	GlobalSection(SolutionConfigurationPlatforms) = preSolution
		Debug|Any CPU = Debug|Any CPU
		Release|Any CPU = Release|Any CPU
	EndGlobalSection
	GlobalSection(ProjectConfigurationPlatforms) = postSolution
		{B9A68375-D053-4964-A6C8-65C5A8911A60}.Debug|Any CPU.ActiveCfg = Debug|Any CPU
		{B9A68375-D053-4964-A6C8-65C5A8911A60}.Debug|Any CPU.Build.0 = Debug|Any CPU
		{B9A68375-D053-4964-A6C8-65C5A8911A60}.Release|Any CPU.ActiveCfg = Release|Any CPU
		{B9A68375-D053-4964-A6C8-65C5A8911A60}.Release|Any CPU.Build.0 = Release|Any CPU
	EndGlobalSection
	GlobalSection(SolutionProperties) = preSolution
		HideSolutionNode = FALSE
	EndGlobalSection
	GlobalSection(ExtensibilityGlobals) = postSolution
		SolutionGuid = {C78A6D3A-8544-409F-A89C-A3E324B7C084}
	EndGlobalSection
EndGlobal
